
Microsoft Visual Studio Solution File, Format Version 12.00
# Visual Studio 15
Project("{FAE04EC0-301F-11D3-BF4B-00C04F79EFBC}") = "StatSports", "StatSports.csproj", "{F2BFFDE8-CF6C-40C8-8FDC-0B0DD997B8DB}"
EndProject
Global
	GlobalSection(SolutionConfigurationPlatforms) = preSolution
		Debug|Any CPU = Debug|Any CPU
		Release|Any CPU = Release|Any CPU
	EndGlobalSection
	GlobalSection(ProjectConfigurationPlatforms) = postSolution
		{F2BFFDE8-CF6C-40C8-8FDC-0B0DD997B8DB}.Debug|Any CPU.ActiveCfg = Debug|Any CPU
		{F2BFFDE8-CF6C-40C8-8FDC-0B0DD997B8DB}.Debug|Any CPU.Build.0 = Debug|Any CPU
		{F2BFFDE8-CF6C-40C8-8FDC-0B0DD997B8DB}.Release|Any CPU.ActiveCfg = Release|Any CPU
		{F2BFFDE8-CF6C-40C8-8FDC-0B0DD997B8DB}.Release|Any CPU.Build.0 = Release|Any CPU
	EndGlobalSection
EndGlobal
