
Microsoft Visual Studio Solution File, Format Version 12.00
# Visual Studio 15
Project("{FAE04EC0-301F-11D3-BF4B-00C04F79EFBC}") = "StatSports", "bootstapTest\StatSports.csproj", "{4E80C4F9-ABB6-4A61-9A58-9906A1763906}"
EndProject
Global
	GlobalSection(SolutionConfigurationPlatforms) = preSolution
		Debug|Any CPU = Debug|Any CPU
		Release|Any CPU = Release|Any CPU
	EndGlobalSection
	GlobalSection(ProjectConfigurationPlatforms) = postSolution
		{4E80C4F9-ABB6-4A61-9A58-9906A1763906}.Debug|Any CPU.ActiveCfg = Debug|Any CPU
		{4E80C4F9-ABB6-4A61-9A58-9906A1763906}.Debug|Any CPU.Build.0 = Debug|Any CPU
		{4E80C4F9-ABB6-4A61-9A58-9906A1763906}.Release|Any CPU.ActiveCfg = Release|Any CPU
		{4E80C4F9-ABB6-4A61-9A58-9906A1763906}.Release|Any CPU.Build.0 = Release|Any CPU
	EndGlobalSection
EndGlobal
